
Microsoft Visual Studio Solution File, Format Version 12.00
# Visual Studio Version 17
VisualStudioVersion = 17.11.35431.28
MinimumVisualStudioVersion = 10.0.40219.1
Project("{FAE04EC0-301F-11D3-BF4B-00C04F79EFBC}") = "GameDataParser", "GameDataParser.csproj", "{9E60FA88-2DF4-48A9-A094-220BA068CF1C}"
EndProject
Global
	GlobalSection(SolutionConfigurationPlatforms) = preSolution
		Debug|Any CPU = Debug|Any CPU
		Release|Any CPU = Release|Any CPU
	EndGlobalSection
	GlobalSection(ProjectConfigurationPlatforms) = postSolution
		{9E60FA88-2DF4-48A9-A094-220BA068CF1C}.Debug|Any CPU.ActiveCfg = Debug|Any CPU
		{9E60FA88-2DF4-48A9-A094-220BA068CF1C}.Debug|Any CPU.Build.0 = Debug|Any CPU
		{9E60FA88-2DF4-48A9-A094-220BA068CF1C}.Release|Any CPU.ActiveCfg = Release|Any CPU
		{9E60FA88-2DF4-48A9-A094-220BA068CF1C}.Release|Any CPU.Build.0 = Release|Any CPU
	EndGlobalSection
	GlobalSection(SolutionProperties) = preSolution
		HideSolutionNode = FALSE
	EndGlobalSection
	GlobalSection(ExtensibilityGlobals) = postSolution
		SolutionGuid = {F93C7678-C161-46B3-A586-CC260AF153E4}
	EndGlobalSection
EndGlobal
